// !$*UTF8*$!
{
	archiveVersion = 1;
	classes = {
	};
	objectVersion = 46;
	objects = {

/* Begin PBXBuildFile section */
		6509068D1989811000E02CB1 /* Neutra-Text-SC.ttf in Resources */ = {isa = PBXBuildFile; fileRef = 6509068C198980FD00E02CB1 /* Neutra-Text-SC.ttf */; };
		650906BF19898ADC00E02CB1 /* QuartzCore.framework in Frameworks */ = {isa = PBXBuildFile; fileRef = 650906BE19898ADC00E02CB1 /* QuartzCore.framework */; };
		653786A0198AC580000B0A62 /* LaunchImage4@2x.png in Resources */ = {isa = PBXBuildFile; fileRef = 6537869F198AC580000B0A62 /* LaunchImage4@2x.png */; };
		6543482D19927EAF00324F59 /* MFNotificationsFollowingViewController.m in Sources */ = {isa = PBXBuildFile; fileRef = 6543482C19927EAF00324F59 /* MFNotificationsFollowingViewController.m */; };
		6543483019927FC500324F59 /* MFNotificationsTableViewCell.m in Sources */ = {isa = PBXBuildFile; fileRef = 6543482F19927FC500324F59 /* MFNotificationsTableViewCell.m */; };
		65436D5E198EE3E00038C985 /* makersfinderslogo.png in Resources */ = {isa = PBXBuildFile; fileRef = 65436D5C198EE3E00038C985 /* makersfinderslogo.png */; };
		657238CB1992A12D00C1F023 /* MPSProfileViewController.m in Sources */ = {isa = PBXBuildFile; fileRef = 657238CA1992A12D00C1F023 /* MPSProfileViewController.m */; };
		657238CF1992A1E400C1F023 /* Main_Matt.storyboard in Resources */ = {isa = PBXBuildFile; fileRef = 657238CE1992A1E400C1F023 /* Main_Matt.storyboard */; };
		657238F11992ABE300C1F023 /* MFNotification.m in Sources */ = {isa = PBXBuildFile; fileRef = 657238F01992ABE300C1F023 /* MFNotification.m */; };
		657238F41992ABE400C1F023 /* MFUser.m in Sources */ = {isa = PBXBuildFile; fileRef = 657238F31992ABE400C1F023 /* MFUser.m */; };
		657238F71992ABE400C1F023 /* MFCategory.m in Sources */ = {isa = PBXBuildFile; fileRef = 657238F61992ABE400C1F023 /* MFCategory.m */; };
		657239001992ABE400C1F023 /* MFComment.m in Sources */ = {isa = PBXBuildFile; fileRef = 657238FF1992ABE400C1F023 /* MFComment.m */; };
		657239031992ABE400C1F023 /* MFInterest.m in Sources */ = {isa = PBXBuildFile; fileRef = 657239021992ABE400C1F023 /* MFInterest.m */; };
		6597DE8D1993CB460031F773 /* MFSecretViewController.m in Sources */ = {isa = PBXBuildFile; fileRef = 6597DE8C1993CB460031F773 /* MFSecretViewController.m */; };
		659E5C2F198BF0A800A4EE77 /* MFSignupViewController.m in Sources */ = {isa = PBXBuildFile; fileRef = 659E5C2E198BF0A800A4EE77 /* MFSignupViewController.m */; };
		659E5C32198BFBA400A4EE77 /* MFAPIClient.m in Sources */ = {isa = PBXBuildFile; fileRef = 659E5C31198BFBA400A4EE77 /* MFAPIClient.m */; };
		659E5C39198C0C6200A4EE77 /* MFDataStore.m in Sources */ = {isa = PBXBuildFile; fileRef = 659E5C38198C0C6200A4EE77 /* MFDataStore.m */; };
		659E5C4B198C108000A4EE77 /* MakersFinders_Master.xcdatamodeld in Sources */ = {isa = PBXBuildFile; fileRef = 659E5C49198C108000A4EE77 /* MakersFinders_Master.xcdatamodeld */; };
		65ACF8C9198BD691002CDBED /* MFConstants.m in Sources */ = {isa = PBXBuildFile; fileRef = 65ACF8C8198BD691002CDBED /* MFConstants.m */; };
		65C6EE351989615200E7DD13 /* Foundation.framework in Frameworks */ = {isa = PBXBuildFile; fileRef = 65C6EE341989615200E7DD13 /* Foundation.framework */; };
		65C6EE371989615200E7DD13 /* CoreGraphics.framework in Frameworks */ = {isa = PBXBuildFile; fileRef = 65C6EE361989615200E7DD13 /* CoreGraphics.framework */; };
		65C6EE391989615200E7DD13 /* UIKit.framework in Frameworks */ = {isa = PBXBuildFile; fileRef = 65C6EE381989615200E7DD13 /* UIKit.framework */; };
		65C6EE3F1989615200E7DD13 /* InfoPlist.strings in Resources */ = {isa = PBXBuildFile; fileRef = 65C6EE3D1989615200E7DD13 /* InfoPlist.strings */; };
		65C6EE411989615200E7DD13 /* main.m in Sources */ = {isa = PBXBuildFile; fileRef = 65C6EE401989615200E7DD13 /* main.m */; };
		65C6EE451989615200E7DD13 /* MFAppDelegate.m in Sources */ = {isa = PBXBuildFile; fileRef = 65C6EE441989615200E7DD13 /* MFAppDelegate.m */; };
		65C6EE4D1989615200E7DD13 /* Images.xcassets in Resources */ = {isa = PBXBuildFile; fileRef = 65C6EE4C1989615200E7DD13 /* Images.xcassets */; };
		65C6EE541989615200E7DD13 /* XCTest.framework in Frameworks */ = {isa = PBXBuildFile; fileRef = 65C6EE531989615200E7DD13 /* XCTest.framework */; };
		65C6EE551989615200E7DD13 /* Foundation.framework in Frameworks */ = {isa = PBXBuildFile; fileRef = 65C6EE341989615200E7DD13 /* Foundation.framework */; };
		65C6EE561989615200E7DD13 /* UIKit.framework in Frameworks */ = {isa = PBXBuildFile; fileRef = 65C6EE381989615200E7DD13 /* UIKit.framework */; };
		65C6EE5E1989615200E7DD13 /* InfoPlist.strings in Resources */ = {isa = PBXBuildFile; fileRef = 65C6EE5C1989615200E7DD13 /* InfoPlist.strings */; };
		65C6EE601989615200E7DD13 /* MakersFinders_MasterTests.m in Sources */ = {isa = PBXBuildFile; fileRef = 65C6EE5F1989615200E7DD13 /* MakersFinders_MasterTests.m */; };
		65C6EE6B1989616D00E7DD13 /* MFCustomTabBarControllerViewController.m in Sources */ = {isa = PBXBuildFile; fileRef = 65C6EE6A1989616D00E7DD13 /* MFCustomTabBarControllerViewController.m */; };
		65C6EE701989689D00E7DD13 /* home@2x.png in Resources */ = {isa = PBXBuildFile; fileRef = 65C6EE6F1989689D00E7DD13 /* home@2x.png */; };
		65C6EE77198969F800E7DD13 /* upload@2x.png in Resources */ = {isa = PBXBuildFile; fileRef = 65C6EE73198969F800E7DD13 /* upload@2x.png */; };
		65C6EE78198969F800E7DD13 /* user@2x.png in Resources */ = {isa = PBXBuildFile; fileRef = 65C6EE74198969F800E7DD13 /* user@2x.png */; };
		65C6EE7B19896A2400E7DD13 /* notifications@2x.png in Resources */ = {isa = PBXBuildFile; fileRef = 65C6EE7919896A2400E7DD13 /* notifications@2x.png */; };
		65C6EE7C19896A2400E7DD13 /* search@2x.png in Resources */ = {isa = PBXBuildFile; fileRef = 65C6EE7A19896A2400E7DD13 /* search@2x.png */; };
		65C6EE7F19896CED00E7DD13 /* tabbarbackground@2x.png in Resources */ = {isa = PBXBuildFile; fileRef = 65C6EE7E19896CED00E7DD13 /* tabbarbackground@2x.png */; };
		65C6EE8419896F9600E7DD13 /* home_selected@2x.png in Resources */ = {isa = PBXBuildFile; fileRef = 65C6EE8019896F9600E7DD13 /* home_selected@2x.png */; };
		65C6EE8519896F9600E7DD13 /* notifications_selected@2x.png in Resources */ = {isa = PBXBuildFile; fileRef = 65C6EE8119896F9600E7DD13 /* notifications_selected@2x.png */; };
		65C6EE8619896F9600E7DD13 /* upload_selected@2x.png in Resources */ = {isa = PBXBuildFile; fileRef = 65C6EE8219896F9600E7DD13 /* upload_selected@2x.png */; };
		65C6EE8719896F9600E7DD13 /* user_selected@2x.png in Resources */ = {isa = PBXBuildFile; fileRef = 65C6EE8319896F9600E7DD13 /* user_selected@2x.png */; };
		65C6EE8A198971BB00E7DD13 /* MFUploadRootViewController.m in Sources */ = {isa = PBXBuildFile; fileRef = 65C6EE89198971BB00E7DD13 /* MFUploadRootViewController.m */; };
		65C6EE94198975C700E7DD13 /* circle.png in Resources */ = {isa = PBXBuildFile; fileRef = 65C6EE8B198975C700E7DD13 /* circle.png */; };
		65C6EE95198975C700E7DD13 /* foundtext.png in Resources */ = {isa = PBXBuildFile; fileRef = 65C6EE8C198975C700E7DD13 /* foundtext.png */; };
		65C6EE97198975C700E7DD13 /* madetext.png in Resources */ = {isa = PBXBuildFile; fileRef = 65C6EE8E198975C700E7DD13 /* madetext.png */; };
		65C6EE98198975C700E7DD13 /* found.png in Resources */ = {isa = PBXBuildFile; fileRef = 65C6EE8F198975C700E7DD13 /* found.png */; };
		65C6EE99198975C700E7DD13 /* hammer.png in Resources */ = {isa = PBXBuildFile; fileRef = 65C6EE90198975C700E7DD13 /* hammer.png */; };
		65C6EE9A198975C700E7DD13 /* question.png in Resources */ = {isa = PBXBuildFile; fileRef = 65C6EE91198975C700E7DD13 /* question.png */; };
		65C6EE9B198975C700E7DD13 /* top_bar.png in Resources */ = {isa = PBXBuildFile; fileRef = 65C6EE92198975C700E7DD13 /* top_bar.png */; };
		65C6EE9C198975C700E7DD13 /* bottom_bar.png in Resources */ = {isa = PBXBuildFile; fileRef = 65C6EE93198975C700E7DD13 /* bottom_bar.png */; };
		65CF8534198FC59C001A77BE /* heartbutton.png in Resources */ = {isa = PBXBuildFile; fileRef = 65CF8532198FC59C001A77BE /* heartbutton.png */; };
		65CF8535198FC59C001A77BE /* peoplebutton.png in Resources */ = {isa = PBXBuildFile; fileRef = 65CF8533198FC59C001A77BE /* peoplebutton.png */; };
		65CF8537198FD8EC001A77BE /* categoryImagePlaceholder.png in Resources */ = {isa = PBXBuildFile; fileRef = 65CF8536198FD8EC001A77BE /* categoryImagePlaceholder.png */; };
		65CF8540199155A1001A77BE /* MFBackground.m in Sources */ = {isa = PBXBuildFile; fileRef = 65CF853F199155A1001A77BE /* MFBackground.m */; };
		65CF9AD8198A877D009ACA3D /* Main.storyboard in Resources */ = {isa = PBXBuildFile; fileRef = 65C6EE461989615200E7DD13 /* Main.storyboard */; };
		65CF9ADE198A8BAF009ACA3D /* LaunchImage@2x.png in Resources */ = {isa = PBXBuildFile; fileRef = 65CF9ADD198A8BAF009ACA3D /* LaunchImage@2x.png */; };
		65CF9AE1198A8D10009ACA3D /* MFLoginViewController.m in Sources */ = {isa = PBXBuildFile; fileRef = 65CF9AE0198A8D10009ACA3D /* MFLoginViewController.m */; };
		65CF9AE4198A9174009ACA3D /* MFExploreRootViewController.m in Sources */ = {isa = PBXBuildFile; fileRef = 65CF9AE3198A9174009ACA3D /* MFExploreRootViewController.m */; };
		65CF9AF0198AA984009ACA3D /* AALInterestsViewController.m in Sources */ = {isa = PBXBuildFile; fileRef = 65CF9AED198AA984009ACA3D /* AALInterestsViewController.m */; };
		65CF9AF8198AAAF7009ACA3D /* AALMain.storyboard in Resources */ = {isa = PBXBuildFile; fileRef = 65CF9AF1198AAAF7009ACA3D /* AALMain.storyboard */; };
		65CF9AF9198AAAF7009ACA3D /* Contents.json in Resources */ = {isa = PBXBuildFile; fileRef = 65CF9AF3198AAAF7009ACA3D /* Contents.json */; };
		65CF9AFA198AAAF7009ACA3D /* checkmark.png in Resources */ = {isa = PBXBuildFile; fileRef = 65CF9AF4198AAAF7009ACA3D /* checkmark.png */; };
		65CF9AFC198AAAF7009ACA3D /* times_square.png in Resources */ = {isa = PBXBuildFile; fileRef = 65CF9AF7198AAAF7009ACA3D /* times_square.png */; };
		65CF9B1D198AAE8B009ACA3D /* clipboard-512.png in Resources */ = {isa = PBXBuildFile; fileRef = 65CF9B00198AAE8B009ACA3D /* clipboard-512.png */; };
		65CF9B1F198AAE8B009ACA3D /* Detail.storyboard in Resources */ = {isa = PBXBuildFile; fileRef = 65CF9B02198AAE8B009ACA3D /* Detail.storyboard */; };
		65CF9B24198AAE8B009ACA3D /* FISCustomPugCell.m in Sources */ = {isa = PBXBuildFile; fileRef = 65CF9B0B198AAE8B009ACA3D /* FISCustomPugCell.m */; };
		65CF9B25198AAE8B009ACA3D /* FISCustomPugCell.xib in Resources */ = {isa = PBXBuildFile; fileRef = 65CF9B0C198AAE8B009ACA3D /* FISCustomPugCell.xib */; };
		65CF9B27198AAE8B009ACA3D /* FISFeedTableViewController.m in Sources */ = {isa = PBXBuildFile; fileRef = 65CF9B10198AAE8B009ACA3D /* FISFeedTableViewController.m */; };
		65CF9B28198AAE8B009ACA3D /* FISProductDetailViewController.m in Sources */ = {isa = PBXBuildFile; fileRef = 65CF9B12198AAE8B009ACA3D /* FISProductDetailViewController.m */; };
		65CF9B2C198AAE8B009ACA3D /* hearts-512.png in Resources */ = {isa = PBXBuildFile; fileRef = 65CF9B17198AAE8B009ACA3D /* hearts-512.png */; };
		65CF9B2D198AAE8B009ACA3D /* pen-512.png in Resources */ = {isa = PBXBuildFile; fileRef = 65CF9B18198AAE8B009ACA3D /* pen-512.png */; };
		65CF9B2E198AAE8B009ACA3D /* placeholder.png in Resources */ = {isa = PBXBuildFile; fileRef = 65CF9B19198AAE8B009ACA3D /* placeholder.png */; };
		65D1580F198AE8B4000F958D /* collectives@2x.png in Resources */ = {isa = PBXBuildFile; fileRef = 65D1580D198AE8B4000F958D /* collectives@2x.png */; };
		65D15810198AE8B4000F958D /* explore@2x.png in Resources */ = {isa = PBXBuildFile; fileRef = 65D1580E198AE8B4000F958D /* explore@2x.png */; };
		65D15819198AEC82000F958D /* MFExploreCustomTableViewCell.m in Sources */ = {isa = PBXBuildFile; fileRef = 65D15818198AEC82000F958D /* MFExploreCustomTableViewCell.m */; };
		65D29DD71993FF32004C9BC4 /* MFItem.m in Sources */ = {isa = PBXBuildFile; fileRef = 65D29DD61993FF32004C9BC4 /* MFItem.m */; };
		65D29DD919940FD8004C9BC4 /* loginMainImage.png in Resources */ = {isa = PBXBuildFile; fileRef = 65D29DD819940FD8004C9BC4 /* loginMainImage.png */; };
		A237321B1993991F00997FDB /* Backup in Resources */ = {isa = PBXBuildFile; fileRef = A237321A1993991F00997FDB /* Backup */; };
		C56655F0365F48A6B3D637EA /* libPods.a in Frameworks */ = {isa = PBXBuildFile; fileRef = 4F66FE788A7C4C7DB8EB1BC8 /* libPods.a */; };
		C99B5D64198FE2D90079F2B6 /* MPSViewController.m in Sources */ = {isa = PBXBuildFile; fileRef = C99B5D5C198FE2D90079F2B6 /* MPSViewController.m */; };
		C99B5D65198FE2D90079F2B6 /* hammer_1.png in Resources */ = {isa = PBXBuildFile; fileRef = C99B5D5D198FE2D90079F2B6 /* hammer_1.png */; };
		C99B5D66198FE2D90079F2B6 /* roundedRectangle.png in Resources */ = {isa = PBXBuildFile; fileRef = C99B5D5E198FE2D90079F2B6 /* roundedRectangle.png */; };
		C99B5D67198FE2D90079F2B6 /* toughcowboy.png in Resources */ = {isa = PBXBuildFile; fileRef = C99B5D5F198FE2D90079F2B6 /* toughcowboy.png */; };
		C99B5D68198FE2D90079F2B6 /* hearts.png in Resources */ = {isa = PBXBuildFile; fileRef = C99B5D60198FE2D90079F2B6 /* hearts.png */; };
		C99B5D69198FE2D90079F2B6 /* binoculars.png in Resources */ = {isa = PBXBuildFile; fileRef = C99B5D61198FE2D90079F2B6 /* binoculars.png */; };
		F8384DEC199269F8000F7D80 /* MFAddFindTableViewController.m in Sources */ = {isa = PBXBuildFile; fileRef = F8384DEB199269F8000F7D80 /* MFAddFindTableViewController.m */; };
		F8384DEF199270AF000F7D80 /* MFAddMakeTableViewController.m in Sources */ = {isa = PBXBuildFile; fileRef = F8384DEE199270AF000F7D80 /* MFAddMakeTableViewController.m */; };
/* End PBXBuildFile section */

/* Begin PBXContainerItemProxy section */
		65C6EE571989615200E7DD13 /* PBXContainerItemProxy */ = {
			isa = PBXContainerItemProxy;
			containerPortal = 65C6EE291989615200E7DD13 /* Project object */;
			proxyType = 1;
			remoteGlobalIDString = 65C6EE301989615200E7DD13;
			remoteInfo = MakersFinders_Master;
		};
/* End PBXContainerItemProxy section */

/* Begin PBXFileReference section */
		4F66FE788A7C4C7DB8EB1BC8 /* libPods.a */ = {isa = PBXFileReference; explicitFileType = archive.ar; includeInIndex = 0; path = libPods.a; sourceTree = BUILT_PRODUCTS_DIR; };
		6509068C198980FD00E02CB1 /* Neutra-Text-SC.ttf */ = {isa = PBXFileReference; lastKnownFileType = file; path = "Neutra-Text-SC.ttf"; sourceTree = "<group>"; };
		650906BE19898ADC00E02CB1 /* QuartzCore.framework */ = {isa = PBXFileReference; lastKnownFileType = wrapper.framework; name = QuartzCore.framework; path = System/Library/Frameworks/QuartzCore.framework; sourceTree = SDKROOT; };
		6537869F198AC580000B0A62 /* LaunchImage4@2x.png */ = {isa = PBXFileReference; lastKnownFileType = image.png; name = "LaunchImage4@2x.png"; path = "MakersFinders_Master/LaunchImage4@2x.png"; sourceTree = "<group>"; };
		6543482B19927EAF00324F59 /* MFNotificationsFollowingViewController.h */ = {isa = PBXFileReference; fileEncoding = 4; lastKnownFileType = sourcecode.c.h; path = MFNotificationsFollowingViewController.h; sourceTree = "<group>"; };
		6543482C19927EAF00324F59 /* MFNotificationsFollowingViewController.m */ = {isa = PBXFileReference; fileEncoding = 4; lastKnownFileType = sourcecode.c.objc; path = MFNotificationsFollowingViewController.m; sourceTree = "<group>"; };
		6543482E19927FC500324F59 /* MFNotificationsTableViewCell.h */ = {isa = PBXFileReference; fileEncoding = 4; lastKnownFileType = sourcecode.c.h; path = MFNotificationsTableViewCell.h; sourceTree = "<group>"; };
		6543482F19927FC500324F59 /* MFNotificationsTableViewCell.m */ = {isa = PBXFileReference; fileEncoding = 4; lastKnownFileType = sourcecode.c.objc; path = MFNotificationsTableViewCell.m; sourceTree = "<group>"; };
		65436D5C198EE3E00038C985 /* makersfinderslogo.png */ = {isa = PBXFileReference; lastKnownFileType = image.png; path = makersfinderslogo.png; sourceTree = "<group>"; };
		657238C91992A12D00C1F023 /* MPSProfileViewController.h */ = {isa = PBXFileReference; fileEncoding = 4; lastKnownFileType = sourcecode.c.h; path = MPSProfileViewController.h; sourceTree = "<group>"; };
		657238CA1992A12D00C1F023 /* MPSProfileViewController.m */ = {isa = PBXFileReference; fileEncoding = 4; lastKnownFileType = sourcecode.c.objc; path = MPSProfileViewController.m; sourceTree = "<group>"; };
		657238CE1992A1E400C1F023 /* Main_Matt.storyboard */ = {isa = PBXFileReference; fileEncoding = 4; lastKnownFileType = file.storyboard; path = Main_Matt.storyboard; sourceTree = "<group>"; };
		657238EF1992ABE300C1F023 /* MFNotification.h */ = {isa = PBXFileReference; fileEncoding = 4; lastKnownFileType = sourcecode.c.h; path = MFNotification.h; sourceTree = "<group>"; };
		657238F01992ABE300C1F023 /* MFNotification.m */ = {isa = PBXFileReference; fileEncoding = 4; lastKnownFileType = sourcecode.c.objc; path = MFNotification.m; sourceTree = "<group>"; };
		657238F21992ABE400C1F023 /* MFUser.h */ = {isa = PBXFileReference; fileEncoding = 4; lastKnownFileType = sourcecode.c.h; path = MFUser.h; sourceTree = "<group>"; };
		657238F31992ABE400C1F023 /* MFUser.m */ = {isa = PBXFileReference; fileEncoding = 4; lastKnownFileType = sourcecode.c.objc; path = MFUser.m; sourceTree = "<group>"; };
		657238F51992ABE400C1F023 /* MFCategory.h */ = {isa = PBXFileReference; fileEncoding = 4; lastKnownFileType = sourcecode.c.h; path = MFCategory.h; sourceTree = "<group>"; };
		657238F61992ABE400C1F023 /* MFCategory.m */ = {isa = PBXFileReference; fileEncoding = 4; lastKnownFileType = sourcecode.c.objc; path = MFCategory.m; sourceTree = "<group>"; };
		657238FE1992ABE400C1F023 /* MFComment.h */ = {isa = PBXFileReference; fileEncoding = 4; lastKnownFileType = sourcecode.c.h; path = MFComment.h; sourceTree = "<group>"; };
		657238FF1992ABE400C1F023 /* MFComment.m */ = {isa = PBXFileReference; fileEncoding = 4; lastKnownFileType = sourcecode.c.objc; path = MFComment.m; sourceTree = "<group>"; };
		657239011992ABE400C1F023 /* MFInterest.h */ = {isa = PBXFileReference; fileEncoding = 4; lastKnownFileType = sourcecode.c.h; path = MFInterest.h; sourceTree = "<group>"; };
		657239021992ABE400C1F023 /* MFInterest.m */ = {isa = PBXFileReference; fileEncoding = 4; lastKnownFileType = sourcecode.c.objc; path = MFInterest.m; sourceTree = "<group>"; };
		6597DE8B1993CB460031F773 /* MFSecretViewController.h */ = {isa = PBXFileReference; fileEncoding = 4; lastKnownFileType = sourcecode.c.h; path = MFSecretViewController.h; sourceTree = "<group>"; };
		6597DE8C1993CB460031F773 /* MFSecretViewController.m */ = {isa = PBXFileReference; fileEncoding = 4; lastKnownFileType = sourcecode.c.objc; path = MFSecretViewController.m; sourceTree = "<group>"; };
		659E5C2D198BF0A800A4EE77 /* MFSignupViewController.h */ = {isa = PBXFileReference; fileEncoding = 4; lastKnownFileType = sourcecode.c.h; path = MFSignupViewController.h; sourceTree = "<group>"; };
		659E5C2E198BF0A800A4EE77 /* MFSignupViewController.m */ = {isa = PBXFileReference; fileEncoding = 4; lastKnownFileType = sourcecode.c.objc; path = MFSignupViewController.m; sourceTree = "<group>"; };
		659E5C30198BFBA400A4EE77 /* MFAPIClient.h */ = {isa = PBXFileReference; fileEncoding = 4; lastKnownFileType = sourcecode.c.h; path = MFAPIClient.h; sourceTree = "<group>"; };
		659E5C31198BFBA400A4EE77 /* MFAPIClient.m */ = {isa = PBXFileReference; fileEncoding = 4; lastKnownFileType = sourcecode.c.objc; path = MFAPIClient.m; sourceTree = "<group>"; };
		659E5C37198C0C6200A4EE77 /* MFDataStore.h */ = {isa = PBXFileReference; fileEncoding = 4; lastKnownFileType = sourcecode.c.h; path = MFDataStore.h; sourceTree = "<group>"; };
		659E5C38198C0C6200A4EE77 /* MFDataStore.m */ = {isa = PBXFileReference; fileEncoding = 4; lastKnownFileType = sourcecode.c.objc; path = MFDataStore.m; sourceTree = "<group>"; };
		659E5C4A198C108000A4EE77 /* MakersFinders_Master.xcdatamodel */ = {isa = PBXFileReference; lastKnownFileType = wrapper.xcdatamodel; path = MakersFinders_Master.xcdatamodel; sourceTree = "<group>"; };
		65ACF8C7198BD691002CDBED /* MFConstants.h */ = {isa = PBXFileReference; fileEncoding = 4; lastKnownFileType = sourcecode.c.h; path = MFConstants.h; sourceTree = "<group>"; };
		65ACF8C8198BD691002CDBED /* MFConstants.m */ = {isa = PBXFileReference; fileEncoding = 4; lastKnownFileType = sourcecode.c.objc; path = MFConstants.m; sourceTree = "<group>"; };
		65C6EE311989615200E7DD13 /* MakersFinders_Master.app */ = {isa = PBXFileReference; explicitFileType = wrapper.application; includeInIndex = 0; path = MakersFinders_Master.app; sourceTree = BUILT_PRODUCTS_DIR; };
		65C6EE341989615200E7DD13 /* Foundation.framework */ = {isa = PBXFileReference; lastKnownFileType = wrapper.framework; name = Foundation.framework; path = System/Library/Frameworks/Foundation.framework; sourceTree = SDKROOT; };
		65C6EE361989615200E7DD13 /* CoreGraphics.framework */ = {isa = PBXFileReference; lastKnownFileType = wrapper.framework; name = CoreGraphics.framework; path = System/Library/Frameworks/CoreGraphics.framework; sourceTree = SDKROOT; };
		65C6EE381989615200E7DD13 /* UIKit.framework */ = {isa = PBXFileReference; lastKnownFileType = wrapper.framework; name = UIKit.framework; path = System/Library/Frameworks/UIKit.framework; sourceTree = SDKROOT; };
		65C6EE3C1989615200E7DD13 /* MakersFinders_Master-Info.plist */ = {isa = PBXFileReference; lastKnownFileType = text.plist.xml; path = "MakersFinders_Master-Info.plist"; sourceTree = "<group>"; };
		65C6EE3E1989615200E7DD13 /* en */ = {isa = PBXFileReference; lastKnownFileType = text.plist.strings; name = en; path = en.lproj/InfoPlist.strings; sourceTree = "<group>"; };
		65C6EE401989615200E7DD13 /* main.m */ = {isa = PBXFileReference; lastKnownFileType = sourcecode.c.objc; path = main.m; sourceTree = "<group>"; };
		65C6EE421989615200E7DD13 /* MakersFinders_Master-Prefix.pch */ = {isa = PBXFileReference; lastKnownFileType = sourcecode.c.h; path = "MakersFinders_Master-Prefix.pch"; sourceTree = "<group>"; };
		65C6EE431989615200E7DD13 /* MFAppDelegate.h */ = {isa = PBXFileReference; lastKnownFileType = sourcecode.c.h; name = MFAppDelegate.h; path = MakersFinders_Master/MFAppDelegate.h; sourceTree = "<group>"; };
		65C6EE441989615200E7DD13 /* MFAppDelegate.m */ = {isa = PBXFileReference; lastKnownFileType = sourcecode.c.objc; name = MFAppDelegate.m; path = MakersFinders_Master/MFAppDelegate.m; sourceTree = "<group>"; };
		65C6EE471989615200E7DD13 /* Base */ = {isa = PBXFileReference; lastKnownFileType = file.storyboard; name = Base; path = Base.lproj/Main.storyboard; sourceTree = "<group>"; };
		65C6EE4C1989615200E7DD13 /* Images.xcassets */ = {isa = PBXFileReference; lastKnownFileType = folder.assetcatalog; name = Images.xcassets; path = MakersFinders_Master/Images.xcassets; sourceTree = "<group>"; };
		65C6EE521989615200E7DD13 /* MakersFinders_MasterTests.xctest */ = {isa = PBXFileReference; explicitFileType = wrapper.cfbundle; includeInIndex = 0; path = MakersFinders_MasterTests.xctest; sourceTree = BUILT_PRODUCTS_DIR; };
		65C6EE531989615200E7DD13 /* XCTest.framework */ = {isa = PBXFileReference; lastKnownFileType = wrapper.framework; name = XCTest.framework; path = Library/Frameworks/XCTest.framework; sourceTree = DEVELOPER_DIR; };
		65C6EE5B1989615200E7DD13 /* MakersFinders_MasterTests-Info.plist */ = {isa = PBXFileReference; lastKnownFileType = text.plist.xml; path = "MakersFinders_MasterTests-Info.plist"; sourceTree = "<group>"; };
		65C6EE5D1989615200E7DD13 /* en */ = {isa = PBXFileReference; lastKnownFileType = text.plist.strings; name = en; path = en.lproj/InfoPlist.strings; sourceTree = "<group>"; };
		65C6EE5F1989615200E7DD13 /* MakersFinders_MasterTests.m */ = {isa = PBXFileReference; lastKnownFileType = sourcecode.c.objc; path = MakersFinders_MasterTests.m; sourceTree = "<group>"; };
		65C6EE691989616D00E7DD13 /* MFCustomTabBarControllerViewController.h */ = {isa = PBXFileReference; fileEncoding = 4; lastKnownFileType = sourcecode.c.h; name = MFCustomTabBarControllerViewController.h; path = MakersFinders_Master/MFCustomTabBarControllerViewController.h; sourceTree = "<group>"; };
		65C6EE6A1989616D00E7DD13 /* MFCustomTabBarControllerViewController.m */ = {isa = PBXFileReference; fileEncoding = 4; lastKnownFileType = sourcecode.c.objc; name = MFCustomTabBarControllerViewController.m; path = MakersFinders_Master/MFCustomTabBarControllerViewController.m; sourceTree = "<group>"; };
		65C6EE6F1989689D00E7DD13 /* home@2x.png */ = {isa = PBXFileReference; lastKnownFileType = image.png; path = "home@2x.png"; sourceTree = "<group>"; };
		65C6EE73198969F800E7DD13 /* upload@2x.png */ = {isa = PBXFileReference; lastKnownFileType = image.png; path = "upload@2x.png"; sourceTree = "<group>"; };
		65C6EE74198969F800E7DD13 /* user@2x.png */ = {isa = PBXFileReference; lastKnownFileType = image.png; path = "user@2x.png"; sourceTree = "<group>"; };
		65C6EE7919896A2400E7DD13 /* notifications@2x.png */ = {isa = PBXFileReference; lastKnownFileType = image.png; path = "notifications@2x.png"; sourceTree = "<group>"; };
		65C6EE7A19896A2400E7DD13 /* search@2x.png */ = {isa = PBXFileReference; lastKnownFileType = image.png; path = "search@2x.png"; sourceTree = "<group>"; };
		65C6EE7E19896CED00E7DD13 /* tabbarbackground@2x.png */ = {isa = PBXFileReference; lastKnownFileType = image.png; path = "tabbarbackground@2x.png"; sourceTree = "<group>"; };
		65C6EE8019896F9600E7DD13 /* home_selected@2x.png */ = {isa = PBXFileReference; lastKnownFileType = image.png; path = "home_selected@2x.png"; sourceTree = "<group>"; };
		65C6EE8119896F9600E7DD13 /* notifications_selected@2x.png */ = {isa = PBXFileReference; lastKnownFileType = image.png; path = "notifications_selected@2x.png"; sourceTree = "<group>"; };
		65C6EE8219896F9600E7DD13 /* upload_selected@2x.png */ = {isa = PBXFileReference; lastKnownFileType = image.png; path = "upload_selected@2x.png"; sourceTree = "<group>"; };
		65C6EE8319896F9600E7DD13 /* user_selected@2x.png */ = {isa = PBXFileReference; lastKnownFileType = image.png; path = "user_selected@2x.png"; sourceTree = "<group>"; };
		65C6EE88198971BB00E7DD13 /* MFUploadRootViewController.h */ = {isa = PBXFileReference; fileEncoding = 4; lastKnownFileType = sourcecode.c.h; name = MFUploadRootViewController.h; path = MakersFinders_Master/MFUploadRootViewController.h; sourceTree = "<group>"; };
		65C6EE89198971BB00E7DD13 /* MFUploadRootViewController.m */ = {isa = PBXFileReference; fileEncoding = 4; lastKnownFileType = sourcecode.c.objc; name = MFUploadRootViewController.m; path = MakersFinders_Master/MFUploadRootViewController.m; sourceTree = "<group>"; };
		65C6EE8B198975C700E7DD13 /* circle.png */ = {isa = PBXFileReference; lastKnownFileType = image.png; path = circle.png; sourceTree = "<group>"; };
		65C6EE8C198975C700E7DD13 /* foundtext.png */ = {isa = PBXFileReference; lastKnownFileType = image.png; path = foundtext.png; sourceTree = "<group>"; };
		65C6EE8D198975C700E7DD13 /* foundtext.png */ = {isa = PBXFileReference; lastKnownFileType = image.png; path = foundtext.png; sourceTree = "<group>"; };
		65C6EE8E198975C700E7DD13 /* madetext.png */ = {isa = PBXFileReference; lastKnownFileType = image.png; path = madetext.png; sourceTree = "<group>"; };
		65C6EE8F198975C700E7DD13 /* found.png */ = {isa = PBXFileReference; lastKnownFileType = image.png; path = found.png; sourceTree = "<group>"; };
		65C6EE90198975C700E7DD13 /* hammer.png */ = {isa = PBXFileReference; lastKnownFileType = image.png; path = hammer.png; sourceTree = "<group>"; };
		65C6EE91198975C700E7DD13 /* question.png */ = {isa = PBXFileReference; lastKnownFileType = image.png; path = question.png; sourceTree = "<group>"; };
		65C6EE92198975C700E7DD13 /* top_bar.png */ = {isa = PBXFileReference; lastKnownFileType = image.png; path = top_bar.png; sourceTree = "<group>"; };
		65C6EE93198975C700E7DD13 /* bottom_bar.png */ = {isa = PBXFileReference; lastKnownFileType = image.png; path = bottom_bar.png; sourceTree = "<group>"; };
		65CF8532198FC59C001A77BE /* heartbutton.png */ = {isa = PBXFileReference; lastKnownFileType = image.png; name = heartbutton.png; path = ../heartbutton.png; sourceTree = "<group>"; };
		65CF8533198FC59C001A77BE /* peoplebutton.png */ = {isa = PBXFileReference; lastKnownFileType = image.png; name = peoplebutton.png; path = ../peoplebutton.png; sourceTree = "<group>"; };
		65CF8536198FD8EC001A77BE /* categoryImagePlaceholder.png */ = {isa = PBXFileReference; lastKnownFileType = image.png; name = categoryImagePlaceholder.png; path = ../categoryImagePlaceholder.png; sourceTree = "<group>"; };
		65CF853E199155A1001A77BE /* MFBackground.h */ = {isa = PBXFileReference; fileEncoding = 4; lastKnownFileType = sourcecode.c.h; path = MFBackground.h; sourceTree = "<group>"; };
		65CF853F199155A1001A77BE /* MFBackground.m */ = {isa = PBXFileReference; fileEncoding = 4; lastKnownFileType = sourcecode.c.objc; path = MFBackground.m; sourceTree = "<group>"; };
		65CF9ADD198A8BAF009ACA3D /* LaunchImage@2x.png */ = {isa = PBXFileReference; lastKnownFileType = image.png; name = "LaunchImage@2x.png"; path = "MakersFinders_Master/LaunchImage@2x.png"; sourceTree = "<group>"; };
		65CF9ADF198A8D10009ACA3D /* MFLoginViewController.h */ = {isa = PBXFileReference; fileEncoding = 4; lastKnownFileType = sourcecode.c.h; name = MFLoginViewController.h; path = MakersFinders_Master/MFLoginViewController.h; sourceTree = "<group>"; };
		65CF9AE0198A8D10009ACA3D /* MFLoginViewController.m */ = {isa = PBXFileReference; fileEncoding = 4; lastKnownFileType = sourcecode.c.objc; name = MFLoginViewController.m; path = MakersFinders_Master/MFLoginViewController.m; sourceTree = "<group>"; };
		65CF9AE2198A9174009ACA3D /* MFExploreRootViewController.h */ = {isa = PBXFileReference; fileEncoding = 4; lastKnownFileType = sourcecode.c.h; name = MFExploreRootViewController.h; path = MakersFinders_Master/MFExploreRootViewController.h; sourceTree = "<group>"; };
		65CF9AE3198A9174009ACA3D /* MFExploreRootViewController.m */ = {isa = PBXFileReference; fileEncoding = 4; lastKnownFileType = sourcecode.c.objc; name = MFExploreRootViewController.m; path = MakersFinders_Master/MFExploreRootViewController.m; sourceTree = "<group>"; };
		65CF9AEC198AA984009ACA3D /* AALInterestsViewController.h */ = {isa = PBXFileReference; fileEncoding = 4; lastKnownFileType = sourcecode.c.h; name = AALInterestsViewController.h; path = MakersFinders_Master/AALInterestsViewController.h; sourceTree = "<group>"; };
		65CF9AED198AA984009ACA3D /* AALInterestsViewController.m */ = {isa = PBXFileReference; fileEncoding = 4; lastKnownFileType = sourcecode.c.objc; name = AALInterestsViewController.m; path = MakersFinders_Master/AALInterestsViewController.m; sourceTree = "<group>"; };
		65CF9AF1198AAAF7009ACA3D /* AALMain.storyboard */ = {isa = PBXFileReference; fileEncoding = 4; lastKnownFileType = file.storyboard; name = AALMain.storyboard; path = MakersFinders_Master/AALMain.storyboard; sourceTree = "<group>"; };
		65CF9AF3198AAAF7009ACA3D /* Contents.json */ = {isa = PBXFileReference; fileEncoding = 4; lastKnownFileType = text.json; path = Contents.json; sourceTree = "<group>"; };
		65CF9AF4198AAAF7009ACA3D /* checkmark.png */ = {isa = PBXFileReference; lastKnownFileType = image.png; path = checkmark.png; sourceTree = "<group>"; };
		65CF9AF6198AAAF7009ACA3D /* Contents.json */ = {isa = PBXFileReference; fileEncoding = 4; lastKnownFileType = text.json; path = Contents.json; sourceTree = "<group>"; };
		65CF9AF7198AAAF7009ACA3D /* times_square.png */ = {isa = PBXFileReference; lastKnownFileType = image.png; path = times_square.png; sourceTree = "<group>"; };
		65CF9B00198AAE8B009ACA3D /* clipboard-512.png */ = {isa = PBXFileReference; lastKnownFileType = image.png; path = "clipboard-512.png"; sourceTree = "<group>"; };
		65CF9B02198AAE8B009ACA3D /* Detail.storyboard */ = {isa = PBXFileReference; fileEncoding = 4; lastKnownFileType = file.storyboard; path = Detail.storyboard; sourceTree = "<group>"; };
		65CF9B0A198AAE8B009ACA3D /* FISCustomPugCell.h */ = {isa = PBXFileReference; fileEncoding = 4; lastKnownFileType = sourcecode.c.h; path = FISCustomPugCell.h; sourceTree = "<group>"; };
		65CF9B0B198AAE8B009ACA3D /* FISCustomPugCell.m */ = {isa = PBXFileReference; fileEncoding = 4; lastKnownFileType = sourcecode.c.objc; path = FISCustomPugCell.m; sourceTree = "<group>"; };
		65CF9B0C198AAE8B009ACA3D /* FISCustomPugCell.xib */ = {isa = PBXFileReference; fileEncoding = 4; lastKnownFileType = file.xib; path = FISCustomPugCell.xib; sourceTree = "<group>"; };
		65CF9B0F198AAE8B009ACA3D /* FISFeedTableViewController.h */ = {isa = PBXFileReference; fileEncoding = 4; lastKnownFileType = sourcecode.c.h; path = FISFeedTableViewController.h; sourceTree = "<group>"; };
		65CF9B10198AAE8B009ACA3D /* FISFeedTableViewController.m */ = {isa = PBXFileReference; fileEncoding = 4; lastKnownFileType = sourcecode.c.objc; path = FISFeedTableViewController.m; sourceTree = "<group>"; };
		65CF9B11198AAE8B009ACA3D /* FISProductDetailViewController.h */ = {isa = PBXFileReference; fileEncoding = 4; lastKnownFileType = sourcecode.c.h; path = FISProductDetailViewController.h; sourceTree = "<group>"; };
		65CF9B12198AAE8B009ACA3D /* FISProductDetailViewController.m */ = {isa = PBXFileReference; fileEncoding = 4; lastKnownFileType = sourcecode.c.objc; path = FISProductDetailViewController.m; sourceTree = "<group>"; };
		65CF9B17198AAE8B009ACA3D /* hearts-512.png */ = {isa = PBXFileReference; lastKnownFileType = image.png; path = "hearts-512.png"; sourceTree = "<group>"; };
		65CF9B18198AAE8B009ACA3D /* pen-512.png */ = {isa = PBXFileReference; lastKnownFileType = image.png; path = "pen-512.png"; sourceTree = "<group>"; };
		65CF9B19198AAE8B009ACA3D /* placeholder.png */ = {isa = PBXFileReference; lastKnownFileType = image.png; path = placeholder.png; sourceTree = "<group>"; };
		65D1580D198AE8B4000F958D /* collectives@2x.png */ = {isa = PBXFileReference; lastKnownFileType = image.png; path = "collectives@2x.png"; sourceTree = "<group>"; };
		65D1580E198AE8B4000F958D /* explore@2x.png */ = {isa = PBXFileReference; lastKnownFileType = image.png; path = "explore@2x.png"; sourceTree = "<group>"; };
		65D15817198AEC82000F958D /* MFExploreCustomTableViewCell.h */ = {isa = PBXFileReference; fileEncoding = 4; lastKnownFileType = sourcecode.c.h; path = MFExploreCustomTableViewCell.h; sourceTree = "<group>"; };
		65D15818198AEC82000F958D /* MFExploreCustomTableViewCell.m */ = {isa = PBXFileReference; fileEncoding = 4; lastKnownFileType = sourcecode.c.objc; path = MFExploreCustomTableViewCell.m; sourceTree = "<group>"; };
		65D29DD51993FF32004C9BC4 /* MFItem.h */ = {isa = PBXFileReference; fileEncoding = 4; lastKnownFileType = sourcecode.c.h; path = MFItem.h; sourceTree = "<group>"; };
		65D29DD61993FF32004C9BC4 /* MFItem.m */ = {isa = PBXFileReference; fileEncoding = 4; lastKnownFileType = sourcecode.c.objc; path = MFItem.m; sourceTree = "<group>"; };
		65D29DD819940FD8004C9BC4 /* loginMainImage.png */ = {isa = PBXFileReference; lastKnownFileType = image.png; path = loginMainImage.png; sourceTree = "<group>"; };
		A237321A1993991F00997FDB /* Backup */ = {isa = PBXFileReference; fileEncoding = 4; lastKnownFileType = text; path = Backup; sourceTree = "<group>"; };
		C99B5D5B198FE2D90079F2B6 /* MPSViewController.h */ = {isa = PBXFileReference; fileEncoding = 4; lastKnownFileType = sourcecode.c.h; path = MPSViewController.h; sourceTree = "<group>"; };
		C99B5D5C198FE2D90079F2B6 /* MPSViewController.m */ = {isa = PBXFileReference; fileEncoding = 4; lastKnownFileType = sourcecode.c.objc; path = MPSViewController.m; sourceTree = "<group>"; };
		C99B5D5D198FE2D90079F2B6 /* hammer_1.png */ = {isa = PBXFileReference; lastKnownFileType = image.png; path = hammer_1.png; sourceTree = "<group>"; };
		C99B5D5E198FE2D90079F2B6 /* roundedRectangle.png */ = {isa = PBXFileReference; lastKnownFileType = image.png; path = roundedRectangle.png; sourceTree = "<group>"; };
		C99B5D5F198FE2D90079F2B6 /* toughcowboy.png */ = {isa = PBXFileReference; lastKnownFileType = image.png; path = toughcowboy.png; sourceTree = "<group>"; };
		C99B5D60198FE2D90079F2B6 /* hearts.png */ = {isa = PBXFileReference; lastKnownFileType = image.png; path = hearts.png; sourceTree = "<group>"; };
		C99B5D61198FE2D90079F2B6 /* binoculars.png */ = {isa = PBXFileReference; lastKnownFileType = image.png; path = binoculars.png; sourceTree = "<group>"; };
		DF6266BC6CDE494AB53F6BAC /* Pods.xcconfig */ = {isa = PBXFileReference; includeInIndex = 1; lastKnownFileType = text.xcconfig; name = Pods.xcconfig; path = Pods/Pods.xcconfig; sourceTree = "<group>"; };
		F8384DEA199269F8000F7D80 /* MFAddFindTableViewController.h */ = {isa = PBXFileReference; fileEncoding = 4; lastKnownFileType = sourcecode.c.h; path = MFAddFindTableViewController.h; sourceTree = "<group>"; };
		F8384DEB199269F8000F7D80 /* MFAddFindTableViewController.m */ = {isa = PBXFileReference; fileEncoding = 4; lastKnownFileType = sourcecode.c.objc; path = MFAddFindTableViewController.m; sourceTree = "<group>"; };
		F8384DED199270AF000F7D80 /* MFAddMakeTableViewController.h */ = {isa = PBXFileReference; fileEncoding = 4; lastKnownFileType = sourcecode.c.h; path = MFAddMakeTableViewController.h; sourceTree = "<group>"; };
		F8384DEE199270AF000F7D80 /* MFAddMakeTableViewController.m */ = {isa = PBXFileReference; fileEncoding = 4; lastKnownFileType = sourcecode.c.objc; path = MFAddMakeTableViewController.m; sourceTree = "<group>"; };
/* End PBXFileReference section */

/* Begin PBXFrameworksBuildPhase section */
		65C6EE2E1989615200E7DD13 /* Frameworks */ = {
			isa = PBXFrameworksBuildPhase;
			buildActionMask = 2147483647;
			files = (
				650906BF19898ADC00E02CB1 /* QuartzCore.framework in Frameworks */,
				65C6EE371989615200E7DD13 /* CoreGraphics.framework in Frameworks */,
				65C6EE391989615200E7DD13 /* UIKit.framework in Frameworks */,
				65C6EE351989615200E7DD13 /* Foundation.framework in Frameworks */,
				C56655F0365F48A6B3D637EA /* libPods.a in Frameworks */,
			);
			runOnlyForDeploymentPostprocessing = 0;
		};
		65C6EE4F1989615200E7DD13 /* Frameworks */ = {
			isa = PBXFrameworksBuildPhase;
			buildActionMask = 2147483647;
			files = (
				65C6EE541989615200E7DD13 /* XCTest.framework in Frameworks */,
				65C6EE561989615200E7DD13 /* UIKit.framework in Frameworks */,
				65C6EE551989615200E7DD13 /* Foundation.framework in Frameworks */,
			);
			runOnlyForDeploymentPostprocessing = 0;
		};
/* End PBXFrameworksBuildPhase section */

/* Begin PBXGroup section */
		65436D5B198EE3C40038C985 /* loginScreenImages */ = {
			isa = PBXGroup;
			children = (
				65D29DD819940FD8004C9BC4 /* loginMainImage.png */,
				65CF9ADD198A8BAF009ACA3D /* LaunchImage@2x.png */,
				6537869F198AC580000B0A62 /* LaunchImage4@2x.png */,
				65436D5C198EE3E00038C985 /* makersfinderslogo.png */,
			);
			name = loginScreenImages;
			sourceTree = "<group>";
		};
		657238D01992A35300C1F023 /* Core Data Model */ = {
			isa = PBXGroup;
			children = (
				659E5C37198C0C6200A4EE77 /* MFDataStore.h */,
				659E5C38198C0C6200A4EE77 /* MFDataStore.m */,
				659E5C49198C108000A4EE77 /* MakersFinders_Master.xcdatamodeld */,
				65D29DD51993FF32004C9BC4 /* MFItem.h */,
				65D29DD61993FF32004C9BC4 /* MFItem.m */,
				657239011992ABE400C1F023 /* MFInterest.h */,
				657239021992ABE400C1F023 /* MFInterest.m */,
				657238FE1992ABE400C1F023 /* MFComment.h */,
				657238FF1992ABE400C1F023 /* MFComment.m */,
				657238F51992ABE400C1F023 /* MFCategory.h */,
				657238F61992ABE400C1F023 /* MFCategory.m */,
				657238F21992ABE400C1F023 /* MFUser.h */,
				657238F31992ABE400C1F023 /* MFUser.m */,
				657238EF1992ABE300C1F023 /* MFNotification.h */,
				657238F01992ABE300C1F023 /* MFNotification.m */,
			);
			name = "Core Data Model";
			sourceTree = "<group>";
		};
		657239041992AF7900C1F023 /* Notifications */ = {
			isa = PBXGroup;
			children = (
				6543482B19927EAF00324F59 /* MFNotificationsFollowingViewController.h */,
				6543482C19927EAF00324F59 /* MFNotificationsFollowingViewController.m */,
				6543482E19927FC500324F59 /* MFNotificationsTableViewCell.h */,
				6543482F19927FC500324F59 /* MFNotificationsTableViewCell.m */,
			);
			name = Notifications;
			sourceTree = "<group>";
		};
		657239051992AF8200C1F023 /* Login and Signup */ = {
			isa = PBXGroup;
			children = (
				65436D5B198EE3C40038C985 /* loginScreenImages */,
				659E5C2D198BF0A800A4EE77 /* MFSignupViewController.h */,
				659E5C2E198BF0A800A4EE77 /* MFSignupViewController.m */,
				65CF9ADF198A8D10009ACA3D /* MFLoginViewController.h */,
				65CF9AE0198A8D10009ACA3D /* MFLoginViewController.m */,
			);
			name = "Login and Signup";
			sourceTree = "<group>";
		};
		657239061992AF9700C1F023 /* Explore */ = {
			isa = PBXGroup;
			children = (
				65CF9AE5198A9B47009ACA3D /* ExploreRoot_Images */,
				65CF9AE2198A9174009ACA3D /* MFExploreRootViewController.h */,
				65CF9AE3198A9174009ACA3D /* MFExploreRootViewController.m */,
				65D15817198AEC82000F958D /* MFExploreCustomTableViewCell.h */,
				65D15818198AEC82000F958D /* MFExploreCustomTableViewCell.m */,
			);
			name = Explore;
			sourceTree = "<group>";
		};
		657239071992AFA000C1F023 /* Upload */ = {
			isa = PBXGroup;
			children = (
				65C6EE9D198975CA00E7DD13 /* UploadRoot_Images */,
				65C6EE88198971BB00E7DD13 /* MFUploadRootViewController.h */,
				65C6EE89198971BB00E7DD13 /* MFUploadRootViewController.m */,
			);
			name = Upload;
			sourceTree = "<group>";
		};
		659E5C33198BFBBA00A4EE77 /* Global */ = {
			isa = PBXGroup;
			children = (
				657238D01992A35300C1F023 /* Core Data Model */,
				65C6EE431989615200E7DD13 /* MFAppDelegate.h */,
				65C6EE441989615200E7DD13 /* MFAppDelegate.m */,
				65CF853E199155A1001A77BE /* MFBackground.h */,
				65CF853F199155A1001A77BE /* MFBackground.m */,
				65ACF8C7198BD691002CDBED /* MFConstants.h */,
				65ACF8C8198BD691002CDBED /* MFConstants.m */,
				659E5C30198BFBA400A4EE77 /* MFAPIClient.h */,
				659E5C31198BFBA400A4EE77 /* MFAPIClient.m */,
			);
			name = Global;
			path = ..;
			sourceTree = "<group>";
		};
		65C6EE281989615200E7DD13 = {
			isa = PBXGroup;
			children = (
				65C6EE3A1989615200E7DD13 /* MakersFinders_Master */,
				65C6EE591989615200E7DD13 /* MakersFinders_MasterTests */,
				65C6EE331989615200E7DD13 /* Frameworks */,
				65C6EE321989615200E7DD13 /* Products */,
				DF6266BC6CDE494AB53F6BAC /* Pods.xcconfig */,
			);
			sourceTree = "<group>";
		};
		65C6EE321989615200E7DD13 /* Products */ = {
			isa = PBXGroup;
			children = (
				65C6EE311989615200E7DD13 /* MakersFinders_Master.app */,
				65C6EE521989615200E7DD13 /* MakersFinders_MasterTests.xctest */,
			);
			name = Products;
			sourceTree = "<group>";
		};
		65C6EE331989615200E7DD13 /* Frameworks */ = {
			isa = PBXGroup;
			children = (
				650906BE19898ADC00E02CB1 /* QuartzCore.framework */,
				65C6EE341989615200E7DD13 /* Foundation.framework */,
				65C6EE361989615200E7DD13 /* CoreGraphics.framework */,
				65C6EE381989615200E7DD13 /* UIKit.framework */,
				65C6EE531989615200E7DD13 /* XCTest.framework */,
				4F66FE788A7C4C7DB8EB1BC8 /* libPods.a */,
			);
			name = Frameworks;
			sourceTree = "<group>";
		};
		65C6EE3A1989615200E7DD13 /* MakersFinders_Master */ = {
			isa = PBXGroup;
			children = (
				659E5C33198BFBBA00A4EE77 /* Global */,
				65CF9AFE198AADE2009ACA3D /* Dan */,
				65CF9B33198AB13E009ACA3D /* Matt */,
				65CF9AFF198AAE78009ACA3D /* Marcus */,
				65CF9AFD198AADCA009ACA3D /* Al */,
				65C6EE3B1989615200E7DD13 /* Supporting Files */,
			);
			path = MakersFinders_Master;
			sourceTree = "<group>";
		};
		65C6EE3B1989615200E7DD13 /* Supporting Files */ = {
			isa = PBXGroup;
			children = (
				6509068C198980FD00E02CB1 /* Neutra-Text-SC.ttf */,
				65C6EE3C1989615200E7DD13 /* MakersFinders_Master-Info.plist */,
				65C6EE3D1989615200E7DD13 /* InfoPlist.strings */,
				65C6EE401989615200E7DD13 /* main.m */,
				65C6EE421989615200E7DD13 /* MakersFinders_Master-Prefix.pch */,
			);
			name = "Supporting Files";
			sourceTree = "<group>";
		};
		65C6EE591989615200E7DD13 /* MakersFinders_MasterTests */ = {
			isa = PBXGroup;
			children = (
				65C6EE5F1989615200E7DD13 /* MakersFinders_MasterTests.m */,
				65C6EE5A1989615200E7DD13 /* Supporting Files */,
			);
			path = MakersFinders_MasterTests;
			sourceTree = "<group>";
		};
		65C6EE5A1989615200E7DD13 /* Supporting Files */ = {
			isa = PBXGroup;
			children = (
				65C6EE5B1989615200E7DD13 /* MakersFinders_MasterTests-Info.plist */,
				65C6EE5C1989615200E7DD13 /* InfoPlist.strings */,
			);
			name = "Supporting Files";
			sourceTree = "<group>";
		};
		65C6EE7D19896A2800E7DD13 /* TabBarImages */ = {
			isa = PBXGroup;
			children = (
				65CF8532198FC59C001A77BE /* heartbutton.png */,
				65CF8536198FD8EC001A77BE /* categoryImagePlaceholder.png */,
				65CF8533198FC59C001A77BE /* peoplebutton.png */,
				65C6EE6F1989689D00E7DD13 /* home@2x.png */,
				65C6EE7919896A2400E7DD13 /* notifications@2x.png */,
				65C6EE7A19896A2400E7DD13 /* search@2x.png */,
				65C6EE73198969F800E7DD13 /* upload@2x.png */,
				65C6EE74198969F800E7DD13 /* user@2x.png */,
				65C6EE7E19896CED00E7DD13 /* tabbarbackground@2x.png */,
				65C6EE8019896F9600E7DD13 /* home_selected@2x.png */,
				65C6EE8119896F9600E7DD13 /* notifications_selected@2x.png */,
				65C6EE8219896F9600E7DD13 /* upload_selected@2x.png */,
				65C6EE8319896F9600E7DD13 /* user_selected@2x.png */,
			);
			name = TabBarImages;
			path = MakersFinders_Master;
			sourceTree = "<group>";
		};
		65C6EE9D198975CA00E7DD13 /* UploadRoot_Images */ = {
			isa = PBXGroup;
			children = (
				65C6EE8B198975C700E7DD13 /* circle.png */,
				65C6EE8C198975C700E7DD13 /* foundtext.png */,
				65C6EE8D198975C700E7DD13 /* foundtext.png */,
				65C6EE8E198975C700E7DD13 /* madetext.png */,
				65C6EE8F198975C700E7DD13 /* found.png */,
				65C6EE90198975C700E7DD13 /* hammer.png */,
				65C6EE91198975C700E7DD13 /* question.png */,
				65C6EE92198975C700E7DD13 /* top_bar.png */,
				65C6EE93198975C700E7DD13 /* bottom_bar.png */,
			);
			name = UploadRoot_Images;
			path = MakersFinders_Master;
			sourceTree = "<group>";
		};
		65CF9AE5198A9B47009ACA3D /* ExploreRoot_Images */ = {
			isa = PBXGroup;
			children = (
				65D1580D198AE8B4000F958D /* collectives@2x.png */,
				65D1580E198AE8B4000F958D /* explore@2x.png */,
			);
			name = ExploreRoot_Images;
			path = MakersFinders_Master;
			sourceTree = "<group>";
		};
		65CF9AF2198AAAF7009ACA3D /* checkmark.imageset */ = {
			isa = PBXGroup;
			children = (
				65CF9AF3198AAAF7009ACA3D /* Contents.json */,
				65CF9AF4198AAAF7009ACA3D /* checkmark.png */,
			);
			name = checkmark.imageset;
			path = MakersFinders_Master/checkmark.imageset;
			sourceTree = "<group>";
		};
		65CF9AF5198AAAF7009ACA3D /* times_square.imageset */ = {
			isa = PBXGroup;
			children = (
				65CF9AF6198AAAF7009ACA3D /* Contents.json */,
				65CF9AF7198AAAF7009ACA3D /* times_square.png */,
			);
			name = times_square.imageset;
			path = MakersFinders_Master/times_square.imageset;
			sourceTree = "<group>";
		};
		65CF9AFD198AADCA009ACA3D /* Al */ = {
			isa = PBXGroup;
			children = (
				65CF9AF1198AAAF7009ACA3D /* AALMain.storyboard */,
				65CF9AEC198AA984009ACA3D /* AALInterestsViewController.h */,
				65CF9AED198AA984009ACA3D /* AALInterestsViewController.m */,
				65CF9AF2198AAAF7009ACA3D /* checkmark.imageset */,
				65CF9AF5198AAAF7009ACA3D /* times_square.imageset */,
				A237321A1993991F00997FDB /* Backup */,
			);
			name = Al;
			path = ..;
			sourceTree = "<group>";
		};
		65CF9AFE198AADE2009ACA3D /* Dan */ = {
			isa = PBXGroup;
			children = (
				65C6EE461989615200E7DD13 /* Main.storyboard */,
				6597DE8B1993CB460031F773 /* MFSecretViewController.h */,
				6597DE8C1993CB460031F773 /* MFSecretViewController.m */,
				65C6EE691989616D00E7DD13 /* MFCustomTabBarControllerViewController.h */,
				65C6EE6A1989616D00E7DD13 /* MFCustomTabBarControllerViewController.m */,
				657239051992AF8200C1F023 /* Login and Signup */,
				657239041992AF7900C1F023 /* Notifications */,
				657239061992AF9700C1F023 /* Explore */,
				657239071992AFA000C1F023 /* Upload */,
				65C6EE4C1989615200E7DD13 /* Images.xcassets */,
				65C6EE7D19896A2800E7DD13 /* TabBarImages */,
			);
			name = Dan;
			path = ..;
			sourceTree = "<group>";
		};
		65CF9AFF198AAE78009ACA3D /* Marcus */ = {
			isa = PBXGroup;
			children = (
				65CF9B02198AAE8B009ACA3D /* Detail.storyboard */,
				F8B4D20F1993F9C800E5FDE2 /* UploadVCs */,
				F8B4D20E1993F9BB00E5FDE2 /* FeedVCs */,
				F8B4D2101993F9D700E5FDE2 /* CustomCell */,
				F8B4D2111993F9E400E5FDE2 /* Images/Icons */,
			);
			name = Marcus;
			path = ..;
			sourceTree = "<group>";
		};
		65CF9B33198AB13E009ACA3D /* Matt */ = {
			isa = PBXGroup;
			children = (
				657238CE1992A1E400C1F023 /* Main_Matt.storyboard */,
				657238C91992A12D00C1F023 /* MPSProfileViewController.h */,
				657238CA1992A12D00C1F023 /* MPSProfileViewController.m */,
				C99B5D5B198FE2D90079F2B6 /* MPSViewController.h */,
				C99B5D5C198FE2D90079F2B6 /* MPSViewController.m */,
				C99B5D5D198FE2D90079F2B6 /* hammer_1.png */,
				C99B5D5E198FE2D90079F2B6 /* roundedRectangle.png */,
				C99B5D5F198FE2D90079F2B6 /* toughcowboy.png */,
				C99B5D60198FE2D90079F2B6 /* hearts.png */,
				C99B5D61198FE2D90079F2B6 /* binoculars.png */,
			);
			name = Matt;
			path = ..;
			sourceTree = "<group>";
		};
		F8B4D20E1993F9BB00E5FDE2 /* FeedVCs */ = {
			isa = PBXGroup;
			children = (
				65CF9B0F198AAE8B009ACA3D /* FISFeedTableViewController.h */,
				65CF9B10198AAE8B009ACA3D /* FISFeedTableViewController.m */,
				65CF9B11198AAE8B009ACA3D /* FISProductDetailViewController.h */,
				65CF9B12198AAE8B009ACA3D /* FISProductDetailViewController.m */,
			);
			name = FeedVCs;
			sourceTree = "<group>";
		};
		F8B4D20F1993F9C800E5FDE2 /* UploadVCs */ = {
			isa = PBXGroup;
			children = (
				F8384DEA199269F8000F7D80 /* MFAddFindTableViewController.h */,
				F8384DEB199269F8000F7D80 /* MFAddFindTableViewController.m */,
				F8384DED199270AF000F7D80 /* MFAddMakeTableViewController.h */,
				F8384DEE199270AF000F7D80 /* MFAddMakeTableViewController.m */,
			);
			name = UploadVCs;
			sourceTree = "<group>";
		};
		F8B4D2101993F9D700E5FDE2 /* CustomCell */ = {
			isa = PBXGroup;
			children = (
				65CF9B0A198AAE8B009ACA3D /* FISCustomPugCell.h */,
				65CF9B0B198AAE8B009ACA3D /* FISCustomPugCell.m */,
				65CF9B0C198AAE8B009ACA3D /* FISCustomPugCell.xib */,
			);
			name = CustomCell;
			sourceTree = "<group>";
		};
		F8B4D2111993F9E400E5FDE2 /* Images/Icons */ = {
			isa = PBXGroup;
			children = (
				65CF9B17198AAE8B009ACA3D /* hearts-512.png */,
				65CF9B18198AAE8B009ACA3D /* pen-512.png */,
				65CF9B19198AAE8B009ACA3D /* placeholder.png */,
				65CF9B00198AAE8B009ACA3D /* clipboard-512.png */,
			);
			name = Images/Icons;
			sourceTree = "<group>";
		};
/* End PBXGroup section */

/* Begin PBXNativeTarget section */
		65C6EE301989615200E7DD13 /* MakersFinders_Master */ = {
			isa = PBXNativeTarget;
			buildConfigurationList = 65C6EE631989615200E7DD13 /* Build configuration list for PBXNativeTarget "MakersFinders_Master" */;
			buildPhases = (
				15A2B32C3E874839B966D0D3 /* Check Pods Manifest.lock */,
				65C6EE2D1989615200E7DD13 /* Sources */,
				65C6EE2E1989615200E7DD13 /* Frameworks */,
				65C6EE2F1989615200E7DD13 /* Resources */,
				1FA18B2B277C4BB38D4169D4 /* Copy Pods Resources */,
			);
			buildRules = (
			);
			dependencies = (
			);
			name = MakersFinders_Master;
			productName = MakersFinders_Master;
			productReference = 65C6EE311989615200E7DD13 /* MakersFinders_Master.app */;
			productType = "com.apple.product-type.application";
		};
		65C6EE511989615200E7DD13 /* MakersFinders_MasterTests */ = {
			isa = PBXNativeTarget;
			buildConfigurationList = 65C6EE661989615200E7DD13 /* Build configuration list for PBXNativeTarget "MakersFinders_MasterTests" */;
			buildPhases = (
				65C6EE4E1989615200E7DD13 /* Sources */,
				65C6EE4F1989615200E7DD13 /* Frameworks */,
				65C6EE501989615200E7DD13 /* Resources */,
			);
			buildRules = (
			);
			dependencies = (
				65C6EE581989615200E7DD13 /* PBXTargetDependency */,
			);
			name = MakersFinders_MasterTests;
			productName = MakersFinders_MasterTests;
			productReference = 65C6EE521989615200E7DD13 /* MakersFinders_MasterTests.xctest */;
			productType = "com.apple.product-type.bundle.unit-test";
		};
/* End PBXNativeTarget section */

/* Begin PBXProject section */
		65C6EE291989615200E7DD13 /* Project object */ = {
			isa = PBXProject;
			attributes = {
				CLASSPREFIX = MF;
				LastUpgradeCheck = 0510;
				ORGANIZATIONNAME = ADMM;
				TargetAttributes = {
					65C6EE301989615200E7DD13 = {
						DevelopmentTeam = KXY9EDFTF5;
					};
					65C6EE511989615200E7DD13 = {
						TestTargetID = 65C6EE301989615200E7DD13;
					};
				};
			};
			buildConfigurationList = 65C6EE2C1989615200E7DD13 /* Build configuration list for PBXProject "MakersFinders_Master" */;
			compatibilityVersion = "Xcode 3.2";
			developmentRegion = English;
			hasScannedForEncodings = 0;
			knownRegions = (
				en,
				Base,
			);
			mainGroup = 65C6EE281989615200E7DD13;
			productRefGroup = 65C6EE321989615200E7DD13 /* Products */;
			projectDirPath = "";
			projectRoot = "";
			targets = (
				65C6EE301989615200E7DD13 /* MakersFinders_Master */,
				65C6EE511989615200E7DD13 /* MakersFinders_MasterTests */,
			);
		};
/* End PBXProject section */

/* Begin PBXResourcesBuildPhase section */
		65C6EE2F1989615200E7DD13 /* Resources */ = {
			isa = PBXResourcesBuildPhase;
			buildActionMask = 2147483647;
			files = (
				65CF9AD8198A877D009ACA3D /* Main.storyboard in Resources */,
				6509068D1989811000E02CB1 /* Neutra-Text-SC.ttf in Resources */,
				65C6EE9C198975C700E7DD13 /* bottom_bar.png in Resources */,
				65C6EE7C19896A2400E7DD13 /* search@2x.png in Resources */,
				65CF9B25198AAE8B009ACA3D /* FISCustomPugCell.xib in Resources */,
				65CF9B2C198AAE8B009ACA3D /* hearts-512.png in Resources */,
				65C6EE4D1989615200E7DD13 /* Images.xcassets in Resources */,
				65C6EE7B19896A2400E7DD13 /* notifications@2x.png in Resources */,
				65CF9AF9198AAAF7009ACA3D /* Contents.json in Resources */,
				653786A0198AC580000B0A62 /* LaunchImage4@2x.png in Resources */,
				65CF8534198FC59C001A77BE /* heartbutton.png in Resources */,
				65C6EE701989689D00E7DD13 /* home@2x.png in Resources */,
				65C6EE8619896F9600E7DD13 /* upload_selected@2x.png in Resources */,
				C99B5D66198FE2D90079F2B6 /* roundedRectangle.png in Resources */,
				65D1580F198AE8B4000F958D /* collectives@2x.png in Resources */,
				65C6EE95198975C700E7DD13 /* foundtext.png in Resources */,
				65C6EE77198969F800E7DD13 /* upload@2x.png in Resources */,
				65CF9B2E198AAE8B009ACA3D /* placeholder.png in Resources */,
				C99B5D68198FE2D90079F2B6 /* hearts.png in Resources */,
				65C6EE3F1989615200E7DD13 /* InfoPlist.strings in Resources */,
				65D15810198AE8B4000F958D /* explore@2x.png in Resources */,
				65C6EE97198975C700E7DD13 /* madetext.png in Resources */,
				65CF9AF8198AAAF7009ACA3D /* AALMain.storyboard in Resources */,
				65C6EE8519896F9600E7DD13 /* notifications_selected@2x.png in Resources */,
				65CF8537198FD8EC001A77BE /* categoryImagePlaceholder.png in Resources */,
				65C6EE98198975C700E7DD13 /* found.png in Resources */,
				65CF9B1D198AAE8B009ACA3D /* clipboard-512.png in Resources */,
				65CF9ADE198A8BAF009ACA3D /* LaunchImage@2x.png in Resources */,
				C99B5D69198FE2D90079F2B6 /* binoculars.png in Resources */,
				65CF9B2D198AAE8B009ACA3D /* pen-512.png in Resources */,
				65C6EE7F19896CED00E7DD13 /* tabbarbackground@2x.png in Resources */,
				65C6EE8719896F9600E7DD13 /* user_selected@2x.png in Resources */,
				657238CF1992A1E400C1F023 /* Main_Matt.storyboard in Resources */,
				65CF9AFA198AAAF7009ACA3D /* checkmark.png in Resources */,
				65C6EE9B198975C700E7DD13 /* top_bar.png in Resources */,
				65CF9AFC198AAAF7009ACA3D /* times_square.png in Resources */,
				C99B5D67198FE2D90079F2B6 /* toughcowboy.png in Resources */,
				65C6EE9A198975C700E7DD13 /* question.png in Resources */,
				65D29DD919940FD8004C9BC4 /* loginMainImage.png in Resources */,
				65CF8535198FC59C001A77BE /* peoplebutton.png in Resources */,
				65C6EE94198975C700E7DD13 /* circle.png in Resources */,
				65CF9B1F198AAE8B009ACA3D /* Detail.storyboard in Resources */,
				65C6EE8419896F9600E7DD13 /* home_selected@2x.png in Resources */,
				65C6EE99198975C700E7DD13 /* hammer.png in Resources */,
				A237321B1993991F00997FDB /* Backup in Resources */,
				65436D5E198EE3E00038C985 /* makersfinderslogo.png in Resources */,
				65C6EE78198969F800E7DD13 /* user@2x.png in Resources */,
				C99B5D65198FE2D90079F2B6 /* hammer_1.png in Resources */,
			);
			runOnlyForDeploymentPostprocessing = 0;
		};
		65C6EE501989615200E7DD13 /* Resources */ = {
			isa = PBXResourcesBuildPhase;
			buildActionMask = 2147483647;
			files = (
				65C6EE5E1989615200E7DD13 /* InfoPlist.strings in Resources */,
			);
			runOnlyForDeploymentPostprocessing = 0;
		};
/* End PBXResourcesBuildPhase section */

/* Begin PBXShellScriptBuildPhase section */
		15A2B32C3E874839B966D0D3 /* Check Pods Manifest.lock */ = {
			isa = PBXShellScriptBuildPhase;
			buildActionMask = 2147483647;
			files = (
			);
			inputPaths = (
			);
			name = "Check Pods Manifest.lock";
			outputPaths = (
			);
			runOnlyForDeploymentPostprocessing = 0;
			shellPath = /bin/sh;
			shellScript = "diff \"${PODS_ROOT}/../Podfile.lock\" \"${PODS_ROOT}/Manifest.lock\" > /dev/null\nif [[ $? != 0 ]] ; then\n    cat << EOM\nerror: The sandbox is not in sync with the Podfile.lock. Run 'pod install' or update your CocoaPods installation.\nEOM\n    exit 1\nfi\n";
			showEnvVarsInLog = 0;
		};
		1FA18B2B277C4BB38D4169D4 /* Copy Pods Resources */ = {
			isa = PBXShellScriptBuildPhase;
			buildActionMask = 2147483647;
			files = (
			);
			inputPaths = (
			);
			name = "Copy Pods Resources";
			outputPaths = (
			);
			runOnlyForDeploymentPostprocessing = 0;
			shellPath = /bin/sh;
			shellScript = "\"${SRCROOT}/Pods/Pods-resources.sh\"\n";
			showEnvVarsInLog = 0;
		};
/* End PBXShellScriptBuildPhase section */

/* Begin PBXSourcesBuildPhase section */
		65C6EE2D1989615200E7DD13 /* Sources */ = {
			isa = PBXSourcesBuildPhase;
			buildActionMask = 2147483647;
			files = (
				65CF9B28198AAE8B009ACA3D /* FISProductDetailViewController.m in Sources */,
				65CF9B27198AAE8B009ACA3D /* FISFeedTableViewController.m in Sources */,
				657238F41992ABE400C1F023 /* MFUser.m in Sources */,
				659E5C32198BFBA400A4EE77 /* MFAPIClient.m in Sources */,
				6543483019927FC500324F59 /* MFNotificationsTableViewCell.m in Sources */,
				65CF8540199155A1001A77BE /* MFBackground.m in Sources */,
				657239001992ABE400C1F023 /* MFComment.m in Sources */,
				F8384DEF199270AF000F7D80 /* MFAddMakeTableViewController.m in Sources */,
				65CF9AF0198AA984009ACA3D /* AALInterestsViewController.m in Sources */,
				65C6EE411989615200E7DD13 /* main.m in Sources */,
				6543482D19927EAF00324F59 /* MFNotificationsFollowingViewController.m in Sources */,
				65CF9AE1198A8D10009ACA3D /* MFLoginViewController.m in Sources */,
				6597DE8D1993CB460031F773 /* MFSecretViewController.m in Sources */,
				659E5C2F198BF0A800A4EE77 /* MFSignupViewController.m in Sources */,
				659E5C4B198C108000A4EE77 /* MakersFinders_Master.xcdatamodeld in Sources */,
				65ACF8C9198BD691002CDBED /* MFConstants.m in Sources */,
				65D29DD71993FF32004C9BC4 /* MFItem.m in Sources */,
				657238CB1992A12D00C1F023 /* MPSProfileViewController.m in Sources */,
				65C6EE451989615200E7DD13 /* MFAppDelegate.m in Sources */,
				657239031992ABE400C1F023 /* MFInterest.m in Sources */,
				657238F71992ABE400C1F023 /* MFCategory.m in Sources */,
				65D15819198AEC82000F958D /* MFExploreCustomTableViewCell.m in Sources */,
				65CF9AE4198A9174009ACA3D /* MFExploreRootViewController.m in Sources */,
				657238F11992ABE300C1F023 /* MFNotification.m in Sources */,
				C99B5D64198FE2D90079F2B6 /* MPSViewController.m in Sources */,
				65CF9B24198AAE8B009ACA3D /* FISCustomPugCell.m in Sources */,
				659E5C39198C0C6200A4EE77 /* MFDataStore.m in Sources */,
				F8384DEC199269F8000F7D80 /* MFAddFindTableViewController.m in Sources */,
				65C6EE8A198971BB00E7DD13 /* MFUploadRootViewController.m in Sources */,
				65C6EE6B1989616D00E7DD13 /* MFCustomTabBarControllerViewController.m in Sources */,
			);
			runOnlyForDeploymentPostprocessing = 0;
		};
		65C6EE4E1989615200E7DD13 /* Sources */ = {
			isa = PBXSourcesBuildPhase;
			buildActionMask = 2147483647;
			files = (
				65C6EE601989615200E7DD13 /* MakersFinders_MasterTests.m in Sources */,
			);
			runOnlyForDeploymentPostprocessing = 0;
		};
/* End PBXSourcesBuildPhase section */

/* Begin PBXTargetDependency section */
		65C6EE581989615200E7DD13 /* PBXTargetDependency */ = {
			isa = PBXTargetDependency;
			target = 65C6EE301989615200E7DD13 /* MakersFinders_Master */;
			targetProxy = 65C6EE571989615200E7DD13 /* PBXContainerItemProxy */;
		};
/* End PBXTargetDependency section */

/* Begin PBXVariantGroup section */
		65C6EE3D1989615200E7DD13 /* InfoPlist.strings */ = {
			isa = PBXVariantGroup;
			children = (
				65C6EE3E1989615200E7DD13 /* en */,
			);
			name = InfoPlist.strings;
			sourceTree = "<group>";
		};
		65C6EE461989615200E7DD13 /* Main.storyboard */ = {
			isa = PBXVariantGroup;
			children = (
				65C6EE471989615200E7DD13 /* Base */,
			);
			name = Main.storyboard;
			path = MakersFinders_Master;
			sourceTree = "<group>";
		};
		65C6EE5C1989615200E7DD13 /* InfoPlist.strings */ = {
			isa = PBXVariantGroup;
			children = (
				65C6EE5D1989615200E7DD13 /* en */,
			);
			name = InfoPlist.strings;
			sourceTree = "<group>";
		};
/* End PBXVariantGroup section */

/* Begin XCBuildConfiguration section */
		65C6EE611989615200E7DD13 /* Debug */ = {
			isa = XCBuildConfiguration;
			buildSettings = {
				ALWAYS_SEARCH_USER_PATHS = NO;
				CLANG_CXX_LANGUAGE_STANDARD = "gnu++0x";
				CLANG_CXX_LIBRARY = "libc++";
				CLANG_ENABLE_MODULES = YES;
				CLANG_ENABLE_OBJC_ARC = YES;
				CLANG_WARN_BOOL_CONVERSION = YES;
				CLANG_WARN_CONSTANT_CONVERSION = YES;
				CLANG_WARN_DIRECT_OBJC_ISA_USAGE = YES_ERROR;
				CLANG_WARN_EMPTY_BODY = YES;
				CLANG_WARN_ENUM_CONVERSION = YES;
				CLANG_WARN_INT_CONVERSION = YES;
				CLANG_WARN_OBJC_ROOT_CLASS = YES_ERROR;
				CLANG_WARN__DUPLICATE_METHOD_MATCH = YES;
				"CODE_SIGN_IDENTITY[sdk=iphoneos*]" = "iPhone Developer";
				COPY_PHASE_STRIP = NO;
				GCC_C_LANGUAGE_STANDARD = gnu99;
				GCC_DYNAMIC_NO_PIC = NO;
				GCC_OPTIMIZATION_LEVEL = 0;
				GCC_PREPROCESSOR_DEFINITIONS = (
					"DEBUG=1",
					"$(inherited)",
				);
				GCC_SYMBOLS_PRIVATE_EXTERN = NO;
				GCC_WARN_64_TO_32_BIT_CONVERSION = YES;
				GCC_WARN_ABOUT_RETURN_TYPE = YES_ERROR;
				GCC_WARN_UNDECLARED_SELECTOR = YES;
				GCC_WARN_UNINITIALIZED_AUTOS = YES_AGGRESSIVE;
				GCC_WARN_UNUSED_FUNCTION = YES;
				GCC_WARN_UNUSED_VARIABLE = YES;
				IPHONEOS_DEPLOYMENT_TARGET = 7.1;
				ONLY_ACTIVE_ARCH = YES;
				SDKROOT = iphoneos;
			};
			name = Debug;
		};
		65C6EE621989615200E7DD13 /* Release */ = {
			isa = XCBuildConfiguration;
			buildSettings = {
				ALWAYS_SEARCH_USER_PATHS = NO;
				CLANG_CXX_LANGUAGE_STANDARD = "gnu++0x";
				CLANG_CXX_LIBRARY = "libc++";
				CLANG_ENABLE_MODULES = YES;
				CLANG_ENABLE_OBJC_ARC = YES;
				CLANG_WARN_BOOL_CONVERSION = YES;
				CLANG_WARN_CONSTANT_CONVERSION = YES;
				CLANG_WARN_DIRECT_OBJC_ISA_USAGE = YES_ERROR;
				CLANG_WARN_EMPTY_BODY = YES;
				CLANG_WARN_ENUM_CONVERSION = YES;
				CLANG_WARN_INT_CONVERSION = YES;
				CLANG_WARN_OBJC_ROOT_CLASS = YES_ERROR;
				CLANG_WARN__DUPLICATE_METHOD_MATCH = YES;
				"CODE_SIGN_IDENTITY[sdk=iphoneos*]" = "iPhone Developer";
				COPY_PHASE_STRIP = YES;
				ENABLE_NS_ASSERTIONS = NO;
				GCC_C_LANGUAGE_STANDARD = gnu99;
				GCC_WARN_64_TO_32_BIT_CONVERSION = YES;
				GCC_WARN_ABOUT_RETURN_TYPE = YES_ERROR;
				GCC_WARN_UNDECLARED_SELECTOR = YES;
				GCC_WARN_UNINITIALIZED_AUTOS = YES_AGGRESSIVE;
				GCC_WARN_UNUSED_FUNCTION = YES;
				GCC_WARN_UNUSED_VARIABLE = YES;
				IPHONEOS_DEPLOYMENT_TARGET = 7.1;
				SDKROOT = iphoneos;
				VALIDATE_PRODUCT = YES;
			};
			name = Release;
		};
		65C6EE641989615200E7DD13 /* Debug */ = {
			isa = XCBuildConfiguration;
			baseConfigurationReference = DF6266BC6CDE494AB53F6BAC /* Pods.xcconfig */;
			buildSettings = {
				ASSETCATALOG_COMPILER_APPICON_NAME = AppIcon;
				ASSETCATALOG_COMPILER_LAUNCHIMAGE_NAME = LaunchImage;
				CODE_SIGN_IDENTITY = "iPhone Developer";
				"CODE_SIGN_IDENTITY[sdk=iphoneos*]" = "iPhone Developer";
				GCC_PRECOMPILE_PREFIX_HEADER = YES;
				GCC_PREFIX_HEADER = "MakersFinders_Master/MakersFinders_Master-Prefix.pch";
				INFOPLIST_FILE = "MakersFinders_Master/MakersFinders_Master-Info.plist";
				PRODUCT_NAME = "$(TARGET_NAME)";
				PROVISIONING_PROFILE = "";
				WRAPPER_EXTENSION = app;
			};
			name = Debug;
		};
		65C6EE651989615200E7DD13 /* Release */ = {
			isa = XCBuildConfiguration;
			baseConfigurationReference = DF6266BC6CDE494AB53F6BAC /* Pods.xcconfig */;
			buildSettings = {
				ASSETCATALOG_COMPILER_APPICON_NAME = AppIcon;
				ASSETCATALOG_COMPILER_LAUNCHIMAGE_NAME = LaunchImage;
				CODE_SIGN_IDENTITY = "iPhone Developer";
				"CODE_SIGN_IDENTITY[sdk=iphoneos*]" = "iPhone Developer";
				GCC_PRECOMPILE_PREFIX_HEADER = YES;
				GCC_PREFIX_HEADER = "MakersFinders_Master/MakersFinders_Master-Prefix.pch";
				INFOPLIST_FILE = "MakersFinders_Master/MakersFinders_Master-Info.plist";
				PRODUCT_NAME = "$(TARGET_NAME)";
				PROVISIONING_PROFILE = "";
				WRAPPER_EXTENSION = app;
			};
			name = Release;
		};
		65C6EE671989615200E7DD13 /* Debug */ = {
			isa = XCBuildConfiguration;
			buildSettings = {
				BUNDLE_LOADER = "$(BUILT_PRODUCTS_DIR)/MakersFinders_Master.app/MakersFinders_Master";
				FRAMEWORK_SEARCH_PATHS = (
					"$(SDKROOT)/Developer/Library/Frameworks",
					"$(inherited)",
					"$(DEVELOPER_FRAMEWORKS_DIR)",
				);
				GCC_PRECOMPILE_PREFIX_HEADER = YES;
				GCC_PREFIX_HEADER = "MakersFinders_Master/MakersFinders_Master-Prefix.pch";
				GCC_PREPROCESSOR_DEFINITIONS = (
					"DEBUG=1",
					"$(inherited)",
				);
				INFOPLIST_FILE = "MakersFinders_MasterTests/MakersFinders_MasterTests-Info.plist";
				PRODUCT_NAME = "$(TARGET_NAME)";
				TEST_HOST = "$(BUNDLE_LOADER)";
				WRAPPER_EXTENSION = xctest;
			};
			name = Debug;
		};
		65C6EE681989615200E7DD13 /* Release */ = {
			isa = XCBuildConfiguration;
			buildSettings = {
				BUNDLE_LOADER = "$(BUILT_PRODUCTS_DIR)/MakersFinders_Master.app/MakersFinders_Master";
				FRAMEWORK_SEARCH_PATHS = (
					"$(SDKROOT)/Developer/Library/Frameworks",
					"$(inherited)",
					"$(DEVELOPER_FRAMEWORKS_DIR)",
				);
				GCC_PRECOMPILE_PREFIX_HEADER = YES;
				GCC_PREFIX_HEADER = "MakersFinders_Master/MakersFinders_Master-Prefix.pch";
				INFOPLIST_FILE = "MakersFinders_MasterTests/MakersFinders_MasterTests-Info.plist";
				PRODUCT_NAME = "$(TARGET_NAME)";
				TEST_HOST = "$(BUNDLE_LOADER)";
				WRAPPER_EXTENSION = xctest;
			};
			name = Release;
		};
/* End XCBuildConfiguration section */

/* Begin XCConfigurationList section */
		65C6EE2C1989615200E7DD13 /* Build configuration list for PBXProject "MakersFinders_Master" */ = {
			isa = XCConfigurationList;
			buildConfigurations = (
				65C6EE611989615200E7DD13 /* Debug */,
				65C6EE621989615200E7DD13 /* Release */,
			);
			defaultConfigurationIsVisible = 0;
			defaultConfigurationName = Release;
		};
		65C6EE631989615200E7DD13 /* Build configuration list for PBXNativeTarget "MakersFinders_Master" */ = {
			isa = XCConfigurationList;
			buildConfigurations = (
				65C6EE641989615200E7DD13 /* Debug */,
				65C6EE651989615200E7DD13 /* Release */,
			);
			defaultConfigurationIsVisible = 0;
			defaultConfigurationName = Release;
		};
		65C6EE661989615200E7DD13 /* Build configuration list for PBXNativeTarget "MakersFinders_MasterTests" */ = {
			isa = XCConfigurationList;
			buildConfigurations = (
				65C6EE671989615200E7DD13 /* Debug */,
				65C6EE681989615200E7DD13 /* Release */,
			);
			defaultConfigurationIsVisible = 0;
			defaultConfigurationName = Release;
		};
/* End XCConfigurationList section */

/* Begin XCVersionGroup section */
		659E5C49198C108000A4EE77 /* MakersFinders_Master.xcdatamodeld */ = {
			isa = XCVersionGroup;
			children = (
				659E5C4A198C108000A4EE77 /* MakersFinders_Master.xcdatamodel */,
			);
			currentVersion = 659E5C4A198C108000A4EE77 /* MakersFinders_Master.xcdatamodel */;
			path = MakersFinders_Master.xcdatamodeld;
			sourceTree = "<group>";
			versionGroupType = wrapper.xcdatamodel;
		};
/* End XCVersionGroup section */
	};
	rootObject = 65C6EE291989615200E7DD13 /* Project object */;
}
